GEM
  remote: https://rubygems.org/
  specs:
    code_ownership (2.0.0)
      code_teams (~> 1.0)
      packs-specification
      sorbet-runtime (>= 0.5.11249)
    code_ownership (2.0.0-aarch64-linux)
      code_teams (~> 1.0)
      packs-specification
      sorbet-runtime (>= 0.5.11249)
    code_ownership (2.0.0-arm64-darwin)
      code_teams (~> 1.0)
      packs-specification
      sorbet-runtime (>= 0.5.11249)
    code_ownership (2.0.0-x86_64-darwin)
      code_teams (~> 1.0)
      packs-specification
      sorbet-runtime (>= 0.5.11249)
    code_ownership (2.0.0-x86_64-linux)
      code_teams (~> 1.0)
      packs-specification
      sorbet-runtime (>= 0.5.11249)
    code_ownership (2.0.0-x86_64-linux-musl)
      code_teams (~> 1.0)
      packs-specification
      sorbet-runtime (>= 0.5.11249)
    code_teams (1.1.0)
      sorbet-runtime
    packs-specification (0.0.10)
      sorbet-runtime
    sorbet-runtime (0.5.12414)

PLATFORMS
  aarch64-linux
  arm64-darwin
  ruby
  x86_64-darwin
  x86_64-linux
  x86_64-linux-musl

DEPENDENCIES
  code_ownership (= 2.0.0)

BUNDLED WITH
   2.7.0
